<?xml version="1.0" encoding="utf-8"?>
<Project ToolsVersion="4.0" xmlns="http://schemas.microsoft.com/developer/msbuild/2003">
  <ItemGroup>
    <Filter Include="Zip Internal">
      <UniqueIdentifier>{5c5d8523-4031-4511-b010-2a4ae0738c3f}</UniqueIdentifier>
    </Filter>
    <Filter Include="File Handlers">
      <UniqueIdentifier>{d4221778-3392-4211-90f5-ccd78a9a6e40}</UniqueIdentifier>
    </Filter>
    <Filter Include="Utilities">
      <UniqueIdentifier>{6c458294-9cc9-4027-addd-a9be54d9f362}</UniqueIdentifier>
    </Filter>
    <Filter Include="File Systems">
      <UniqueIdentifier>{b64d3ae3-1575-4456-8a5e-941691cecba9}</UniqueIdentifier>
    </Filter>
  </ItemGroup>
  <ItemGroup>
    <ClInclude Include="Zip\crypt.h">
      <Filter>Zip Internal</Filter>
    </ClInclude>
    <ClInclude Include="Zip\ioapi.h">
      <Filter>Zip Internal</Filter>
    </ClInclude>
    <ClInclude Include="Zip\unzip.h">
      <Filter>Zip Internal</Filter>
    </ClInclude>
    <ClInclude Include="Zip\zip.h">
      <Filter>Zip Internal</Filter>
    </ClInclude>
    <ClInclude Include="GZFile.h">
      <Filter>File Handlers</Filter>
    </ClInclude>
    <ClInclude Include="NormalFile.h">
      <Filter>File Handlers</Filter>
    </ClInclude>
    <ClInclude Include="StreamingFile.h">
      <Filter>File Handlers</Filter>
    </ClInclude>
    <ClInclude Include="FileUtils.h">
      <Filter>Utilities</Filter>
    </ClInclude>
    <ClInclude Include="ZipFS.h">
      <Filter>File Systems</Filter>
    </ClInclude>
    <ClInclude Include="VFS.h" />
    <ClInclude Include="MemoryStream.h">
      <Filter>File Handlers</Filter>
    </ClInclude>
    <ClInclude Include="MemoryFile.h">
      <Filter>File Handlers</Filter>
    </ClInclude>
    <ClInclude Include="Stream.h">
      <Filter>File Handlers</Filter>
    </ClInclude>
    <ClInclude Include="File.h">
      <Filter>File Handlers</Filter>
    </ClInclude>
  </ItemGroup>
  <ItemGroup>
    <ClCompile Include="Zip\ioapi.cpp">
      <Filter>Zip Internal</Filter>
    </ClCompile>
    <ClCompile Include="Zip\unzip.cpp">
      <Filter>Zip Internal</Filter>
    </ClCompile>
    <ClCompile Include="Zip\zip.cpp">
      <Filter>Zip Internal</Filter>
    </ClCompile>
    <ClCompile Include="GZFile.cpp">
      <Filter>File Handlers</Filter>
    </ClCompile>
    <ClCompile Include="NormalFile.cpp">
      <Filter>File Handlers</Filter>
    </ClCompile>
    <ClCompile Include="StreamingFile.cpp">
      <Filter>File Handlers</Filter>
    </ClCompile>
    <ClCompile Include="FileUtils.cpp">
      <Filter>Utilities</Filter>
    </ClCompile>
    <ClCompile Include="ZipFS.cpp">
      <Filter>File Systems</Filter>
    </ClCompile>
    <ClCompile Include="VFS.cpp" />
    <ClCompile Include="MemoryStream.cpp">
      <Filter>File Handlers</Filter>
    </ClCompile>
    <ClCompile Include="MemoryFile.cpp">
      <Filter>File Handlers</Filter>
    </ClCompile>
    <ClCompile Include="File.cpp">
      <Filter>File Handlers</Filter>
    </ClCompile>
    <ClCompile Include="Stream.cpp">
      <Filter>File Handlers</Filter>
    </ClCompile>
  </ItemGroup>
</Project>